<?xml version="1.0" encoding="utf-8"?>
<Project ToolsVersion="4.0" xmlns="http://schemas.microsoft.com/developer/msbuild/2003">
  <ItemGroup>
    <Filter Include="Source Files">
      <UniqueIdentifier>{4FC737F1-C7A5-4376-A066-2A32D752A2FF}</UniqueIdentifier>
      <Extensions>cpp;c;cc;cxx;c++;cppm;ixx;def;odl;idl;hpj;bat;asm;asmx</Extensions>
    </Filter>
    <Filter Include="Header Files">
      <UniqueIdentifier>{93995380-89BD-4b04-88EB-625FBE52EBFB}</UniqueIdentifier>
      <Extensions>h;hh;hpp;hxx;h++;hm;inl;inc;ipp;xsd</Extensions>
    </Filter>
    <Filter Include="Resource Files">
      <UniqueIdentifier>{67DA6AB6-F800-4c08-8B7A-83BB121AAD01}</UniqueIdentifier>
      <Extensions>rc;ico;cur;bmp;dlg;rc2;rct;bin;rgs;gif;jpg;jpeg;jpe;resx;tiff;tif;png;wav;mfcribbon-ms</Extensions>
    </Filter>
    <Filter Include="Header Files\SDFs">
      <UniqueIdentifier>{529850f5-ea17-4e72-9710-65a4328a4172}</UniqueIdentifier>
    </Filter>
    <Filter Include="Header Files\Scene Stuff">
      <UniqueIdentifier>{311d8d0f-c3e5-4e81-9149-96ec470e578f}</UniqueIdentifier>
    </Filter>
    <Filter Include="Source Files\Scene Stuff">
      <UniqueIdentifier>{f7e04341-76f8-4666-baca-7248ecab800d}</UniqueIdentifier>
    </Filter>
  </ItemGroup>
  <ItemGroup>
    <ClCompile Include="Core.cpp">
      <Filter>Source Files</Filter>
    </ClCompile>
    <ClCompile Include="Window.cpp">
      <Filter>Source Files</Filter>
    </ClCompile>
    <ClCompile Include="Camera.cpp">
      <Filter>Source Files\Scene Stuff</Filter>
    </ClCompile>
    <ClCompile Include="Scene.cpp">
      <Filter>Source Files\Scene Stuff</Filter>
    </ClCompile>
    <ClCompile Include="Light.cpp">
      <Filter>Source Files\Scene Stuff</Filter>
    </ClCompile>
    <ClCompile Include="RayMarcher.cpp">
      <Filter>Source Files\Scene Stuff</Filter>
    </ClCompile>
    <ClCompile Include="SDFManager.cpp">
      <Filter>Source Files\Scene Stuff</Filter>
    </ClCompile>
    <ClCompile Include="Controls.cpp">
      <Filter>Source Files</Filter>
    </ClCompile>
  </ItemGroup>
  <ItemGroup>
    <ClInclude Include="Window.h">
      <Filter>Header Files</Filter>
    </ClInclude>
    <ClInclude Include="Vec3.h">
      <Filter>Header Files</Filter>
    </ClInclude>
    <ClInclude Include="SDF.h">
      <Filter>Header Files\SDFs</Filter>
    </ClInclude>
    <ClInclude Include="Scene.h">
      <Filter>Header Files\Scene Stuff</Filter>
    </ClInclude>
    <ClInclude Include="Camera.h">
      <Filter>Header Files\Scene Stuff</Filter>
    </ClInclude>
    <ClInclude Include="RayMarcher.h">
      <Filter>Header Files\Scene Stuff</Filter>
    </ClInclude>
    <ClInclude Include="Light.h">
      <Filter>Header Files\Scene Stuff</Filter>
    </ClInclude>
    <ClInclude Include="Sphere.h">
      <Filter>Header Files\SDFs</Filter>
    </ClInclude>
    <ClInclude Include="SDFManager.h">
      <Filter>Header Files\Scene Stuff</Filter>
    </ClInclude>
    <ClInclude Include="resource.h">
      <Filter>Header Files</Filter>
    </ClInclude>
    <ClInclude Include="Controls.h">
      <Filter>Header Files</Filter>
    </ClInclude>
  </ItemGroup>
</Project>